
Microsoft Visual Studio Solution File, Format Version 12.00
# Visual Studio Version 17
VisualStudioVersion = 17.4.33205.214
MinimumVisualStudioVersion = 10.0.40219.1
Project("{9A19103F-16F7-4668-BE54-9A1E7A4F7556}") = "TpW24_MelinaSofia", "TpW24_MelinaSofia\TpW24_MelinaSofia.csproj", "{AA8995F6-20E1-448A-A0B1-36E75A4449F2}"
EndProject
Global
	GlobalSection(SolutionConfigurationPlatforms) = preSolution
		Debug|Any CPU = Debug|Any CPU
		Release|Any CPU = Release|Any CPU
	EndGlobalSection
	GlobalSection(ProjectConfigurationPlatforms) = postSolution
		{AA8995F6-20E1-448A-A0B1-36E75A4449F2}.Debug|Any CPU.ActiveCfg = Debug|Any CPU
		{AA8995F6-20E1-448A-A0B1-36E75A4449F2}.Debug|Any CPU.Build.0 = Debug|Any CPU
		{AA8995F6-20E1-448A-A0B1-36E75A4449F2}.Release|Any CPU.ActiveCfg = Release|Any CPU
		{AA8995F6-20E1-448A-A0B1-36E75A4449F2}.Release|Any CPU.Build.0 = Release|Any CPU
	EndGlobalSection
	GlobalSection(SolutionProperties) = preSolution
		HideSolutionNode = FALSE
	EndGlobalSection
	GlobalSection(ExtensibilityGlobals) = postSolution
		SolutionGuid = {EE4B5804-E4D7-45E8-BC71-2B0824DD1D38}
	EndGlobalSection
EndGlobal
